PODS:
  - EMCLoginItem (1.0.2)
  - Sparkle (1.24.0)

DEPENDENCIES:
  - EMCLoginItem (~> 1.0.1)
  - Sparkle (~> 1.24.0)

SPEC REPOS:
  trunk:
    - EMCLoginItem
    - Sparkle

SPEC CHECKSUMS:
  EMCLoginItem: 19d3c7eca477c9019ea0cd58e44d0ccd34a7a6a3
  Sparkle: 270cd27377bf04e9c128af06e3a22d0f572d6ee3

PODFILE CHECKSUM: f0cae18c86d07ee5c71a147e71b6a71534030fa9

COCOAPODS: 1.10.0
