PODS:
  - Alamofire (4.0.1)
  - CryptoSwift (0.8.0)
  - EMCLoginItem (1.0.1)
  - Sparkle (1.14.0)
  - Starscream (3.0.3)
  - SwiftyBeaver (1.5.0)
  - SwiftyJSON (5.0.0)

DEPENDENCIES:
  - Alamofire (~> 4.0.1)
  - CryptoSwift (~> 0.8.0)
  - EMCLoginItem (~> 1.0.1)
  - Sparkle (~> 1.14.0)
  - Starscream (~> 3.0.2)
  - SwiftyBeaver
  - SwiftyJSON (~> 5.0.0)

SPEC REPOS:
  trunk:
    - Alamofire
    - CryptoSwift
    - EMCLoginItem
    - Sparkle
    - Starscream
    - SwiftyBeaver
    - SwiftyJSON

SPEC CHECKSUMS:
  Alamofire: 7682d43245de14874acd142ec137b144aa1dd335
  CryptoSwift: f81907430ebbe38b8404b4f6fb40f3c576a8755f
  EMCLoginItem: ac4a198cda3f4a8dc72797d2e89ad6c640624835
  Sparkle: ccd95233b12a3e3d4eeb55ff01dd4c8bb8188b07
  Starscream: dfb1b3f39506717ee52b67fb48de0c8269504cbc
  SwiftyBeaver: 384235c59d9c67b4a5e1810cffa713babba34efd
  SwiftyJSON: 36413e04c44ee145039d332b4f4e2d3e8d6c4db7

PODFILE CHECKSUM: a28ca53b9659d96cd8758099617de990ada4905e

COCOAPODS: 1.9.3
