{
  "object": {
    "pins": [
      {
        "package": "Alamofire",
        "repositoryURL": "https://github.com/Alamofire/Alamofire.git",
        "state": {
          "branch": null,
          "revision": "097e1f03166d49b31f824507fb85ad843b14fc13",
          "version": "5.3.0"
        }
      },
      {
        "package": "SwCrypt",
        "repositoryURL": "https://github.com/soyersoyer/SwCrypt",
        "state": {
          "branch": null,
          "revision": "d18cf90973a32dc0d28f94eec91faf14ae8b4443",
          "version": "5.1.4"
        }
      }
    ]
  },
  "version": 1
}
